// !$*UTF8*$!
{
	archiveVersion = 1;
	classes = {
	};
	objectVersion = 46;
	objects = {

/* Begin PBXBuildFile section */
		1C0BB0BE199E7EA4009D2F3D /* Foundation.framework in Frameworks */ = {isa = PBXBuildFile; fileRef = 1C0BB0BD199E7EA4009D2F3D /* Foundation.framework */; };
		1C0BB0C0199E7EA4009D2F3D /* CoreGraphics.framework in Frameworks */ = {isa = PBXBuildFile; fileRef = 1C0BB0BF199E7EA4009D2F3D /* CoreGraphics.framework */; };
		1C0BB0C2199E7EA4009D2F3D /* UIKit.framework in Frameworks */ = {isa = PBXBuildFile; fileRef = 1C0BB0C1199E7EA4009D2F3D /* UIKit.framework */; };
		1C0BB0C8199E7EA4009D2F3D /* InfoPlist.strings in Resources */ = {isa = PBXBuildFile; fileRef = 1C0BB0C6199E7EA4009D2F3D /* InfoPlist.strings */; };
		1C0BB0CA199E7EA4009D2F3D /* main.m in Sources */ = {isa = PBXBuildFile; fileRef = 1C0BB0C9199E7EA4009D2F3D /* main.m */; };
		1C0BB0CE199E7EA4009D2F3D /* BWAppDelegate.m in Sources */ = {isa = PBXBuildFile; fileRef = 1C0BB0CD199E7EA4009D2F3D /* BWAppDelegate.m */; };
		1C0BB0D1199E7EA4009D2F3D /* Main.storyboard in Resources */ = {isa = PBXBuildFile; fileRef = 1C0BB0CF199E7EA4009D2F3D /* Main.storyboard */; };
		1C0BB0D4199E7EA4009D2F3D /* BWViewController.m in Sources */ = {isa = PBXBuildFile; fileRef = 1C0BB0D3199E7EA4009D2F3D /* BWViewController.m */; };
		1C0BB0D6199E7EA4009D2F3D /* Images.xcassets in Resources */ = {isa = PBXBuildFile; fileRef = 1C0BB0D5199E7EA4009D2F3D /* Images.xcassets */; };
		1C0BB0DD199E7EA4009D2F3D /* XCTest.framework in Frameworks */ = {isa = PBXBuildFile; fileRef = 1C0BB0DC199E7EA4009D2F3D /* XCTest.framework */; };
		1C0BB0DE199E7EA4009D2F3D /* Foundation.framework in Frameworks */ = {isa = PBXBuildFile; fileRef = 1C0BB0BD199E7EA4009D2F3D /* Foundation.framework */; };
		1C0BB0DF199E7EA4009D2F3D /* UIKit.framework in Frameworks */ = {isa = PBXBuildFile; fileRef = 1C0BB0C1199E7EA4009D2F3D /* UIKit.framework */; };
		1C0BB0E7199E7EA4009D2F3D /* InfoPlist.strings in Resources */ = {isa = PBXBuildFile; fileRef = 1C0BB0E5199E7EA4009D2F3D /* InfoPlist.strings */; };
		1C0BB0E9199E7EA4009D2F3D /* Pirate_AdventureTests.m in Sources */ = {isa = PBXBuildFile; fileRef = 1C0BB0E8199E7EA4009D2F3D /* Pirate_AdventureTests.m */; };
		1C0BB0F5199E8478009D2F3D /* BWTile.m in Sources */ = {isa = PBXBuildFile; fileRef = 1C0BB0F4199E8478009D2F3D /* BWTile.m */; };
		1C0BB0F8199E852F009D2F3D /* BWFactory.m in Sources */ = {isa = PBXBuildFile; fileRef = 1C0BB0F7199E852F009D2F3D /* BWFactory.m */; };
		1C0BB107199E92CF009D2F3D /* PirateAttack.jpg in Resources */ = {isa = PBXBuildFile; fileRef = 1C0BB0FB199E92CF009D2F3D /* PirateAttack.jpg */; };
		1C0BB108199E92CF009D2F3D /* PirateBlacksmith.jpeg in Resources */ = {isa = PBXBuildFile; fileRef = 1C0BB0FC199E92CF009D2F3D /* PirateBlacksmith.jpeg */; };
		1C0BB109199E92CF009D2F3D /* PirateBoss.jpeg in Resources */ = {isa = PBXBuildFile; fileRef = 1C0BB0FD199E92CF009D2F3D /* PirateBoss.jpeg */; };
		1C0BB10A199E92CF009D2F3D /* PirateFriendlyDock.jpg in Resources */ = {isa = PBXBuildFile; fileRef = 1C0BB0FE199E92CF009D2F3D /* PirateFriendlyDock.jpg */; };
		1C0BB10B199E92CF009D2F3D /* PirateOctopusAttack.jpg in Resources */ = {isa = PBXBuildFile; fileRef = 1C0BB0FF199E92CF009D2F3D /* PirateOctopusAttack.jpg */; };
		1C0BB10C199E92CF009D2F3D /* PirateParrot.jpg in Resources */ = {isa = PBXBuildFile; fileRef = 1C0BB100199E92CF009D2F3D /* PirateParrot.jpg */; };
		1C0BB10D199E92CF009D2F3D /* PiratePlank.jpg in Resources */ = {isa = PBXBuildFile; fileRef = 1C0BB101199E92CF009D2F3D /* PiratePlank.jpg */; };
		1C0BB10E199E92CF009D2F3D /* PirateShipBattle.jpeg in Resources */ = {isa = PBXBuildFile; fileRef = 1C0BB102199E92CF009D2F3D /* PirateShipBattle.jpeg */; };
		1C0BB10F199E92CF009D2F3D /* PirateStart.jpg in Resources */ = {isa = PBXBuildFile; fileRef = 1C0BB103199E92CF009D2F3D /* PirateStart.jpg */; };
		1C0BB110199E92CF009D2F3D /* PirateTreasure.jpeg in Resources */ = {isa = PBXBuildFile; fileRef = 1C0BB104199E92CF009D2F3D /* PirateTreasure.jpeg */; };
		1C0BB111199E92CF009D2F3D /* PirateTreasurer2.jpeg in Resources */ = {isa = PBXBuildFile; fileRef = 1C0BB105199E92CF009D2F3D /* PirateTreasurer2.jpeg */; };
		1C0BB112199E92CF009D2F3D /* PirateWeapons.jpeg in Resources */ = {isa = PBXBuildFile; fileRef = 1C0BB106199E92CF009D2F3D /* PirateWeapons.jpeg */; };
		1C0BB115199E9A14009D2F3D /* BWWeapon.m in Sources */ = {isa = PBXBuildFile; fileRef = 1C0BB114199E9A14009D2F3D /* BWWeapon.m */; };
		1C0BB118199E9A4D009D2F3D /* BWArmor.m in Sources */ = {isa = PBXBuildFile; fileRef = 1C0BB117199E9A4D009D2F3D /* BWArmor.m */; };
		1C0BB11B199E9A98009D2F3D /* BWCharacter.m in Sources */ = {isa = PBXBuildFile; fileRef = 1C0BB11A199E9A98009D2F3D /* BWCharacter.m */; };
		1C0BB11F199EA4D1009D2F3D /* BWBoss.m in Sources */ = {isa = PBXBuildFile; fileRef = 1C0BB11E199EA4D1009D2F3D /* BWBoss.m */; };
/* End PBXBuildFile section */

/* Begin PBXContainerItemProxy section */
		1C0BB0E0199E7EA4009D2F3D /* PBXContainerItemProxy */ = {
			isa = PBXContainerItemProxy;
			containerPortal = 1C0BB0B2199E7EA4009D2F3D /* Project object */;
			proxyType = 1;
			remoteGlobalIDString = 1C0BB0B9199E7EA4009D2F3D;
			remoteInfo = "Pirate Adventure";
		};
/* End PBXContainerItemProxy section */

/* Begin PBXFileReference section */
		1C0BB0BA199E7EA4009D2F3D /* Pirate Adventure.app */ = {isa = PBXFileReference; explicitFileType = wrapper.application; includeInIndex = 0; path = "Pirate Adventure.app"; sourceTree = BUILT_PRODUCTS_DIR; };
		1C0BB0BD199E7EA4009D2F3D /* Foundation.framework */ = {isa = PBXFileReference; lastKnownFileType = wrapper.framework; name = Foundation.framework; path = System/Library/Frameworks/Foundation.framework; sourceTree = SDKROOT; };
		1C0BB0BF199E7EA4009D2F3D /* CoreGraphics.framework */ = {isa = PBXFileReference; lastKnownFileType = wrapper.framework; name = CoreGraphics.framework; path = System/Library/Frameworks/CoreGraphics.framework; sourceTree = SDKROOT; };
		1C0BB0C1199E7EA4009D2F3D /* UIKit.framework */ = {isa = PBXFileReference; lastKnownFileType = wrapper.framework; name = UIKit.framework; path = System/Library/Frameworks/UIKit.framework; sourceTree = SDKROOT; };
		1C0BB0C5199E7EA4009D2F3D /* Pirate Adventure-Info.plist */ = {isa = PBXFileReference; lastKnownFileType = text.plist.xml; path = "Pirate Adventure-Info.plist"; sourceTree = "<group>"; };
		1C0BB0C7199E7EA4009D2F3D /* en */ = {isa = PBXFileReference; lastKnownFileType = text.plist.strings; name = en; path = en.lproj/InfoPlist.strings; sourceTree = "<group>"; };
		1C0BB0C9199E7EA4009D2F3D /* main.m */ = {isa = PBXFileReference; lastKnownFileType = sourcecode.c.objc; path = main.m; sourceTree = "<group>"; };
		1C0BB0CB199E7EA4009D2F3D /* Pirate Adventure-Prefix.pch */ = {isa = PBXFileReference; lastKnownFileType = sourcecode.c.h; path = "Pirate Adventure-Prefix.pch"; sourceTree = "<group>"; };
		1C0BB0CC199E7EA4009D2F3D /* BWAppDelegate.h */ = {isa = PBXFileReference; lastKnownFileType = sourcecode.c.h; path = BWAppDelegate.h; sourceTree = "<group>"; };
		1C0BB0CD199E7EA4009D2F3D /* BWAppDelegate.m */ = {isa = PBXFileReference; lastKnownFileType = sourcecode.c.objc; path = BWAppDelegate.m; sourceTree = "<group>"; };
		1C0BB0D0199E7EA4009D2F3D /* Base */ = {isa = PBXFileReference; lastKnownFileType = file.storyboard; name = Base; path = Base.lproj/Main.storyboard; sourceTree = "<group>"; };
		1C0BB0D2199E7EA4009D2F3D /* BWViewController.h */ = {isa = PBXFileReference; lastKnownFileType = sourcecode.c.h; path = BWViewController.h; sourceTree = "<group>"; };
		1C0BB0D3199E7EA4009D2F3D /* BWViewController.m */ = {isa = PBXFileReference; lastKnownFileType = sourcecode.c.objc; path = BWViewController.m; sourceTree = "<group>"; };
		1C0BB0D5199E7EA4009D2F3D /* Images.xcassets */ = {isa = PBXFileReference; lastKnownFileType = folder.assetcatalog; path = Images.xcassets; sourceTree = "<group>"; };
		1C0BB0DB199E7EA4009D2F3D /* Pirate AdventureTests.xctest */ = {isa = PBXFileReference; explicitFileType = wrapper.cfbundle; includeInIndex = 0; path = "Pirate AdventureTests.xctest"; sourceTree = BUILT_PRODUCTS_DIR; };
		1C0BB0DC199E7EA4009D2F3D /* XCTest.framework */ = {isa = PBXFileReference; lastKnownFileType = wrapper.framework; name = XCTest.framework; path = Library/Frameworks/XCTest.framework; sourceTree = DEVELOPER_DIR; };
		1C0BB0E4199E7EA4009D2F3D /* Pirate AdventureTests-Info.plist */ = {isa = PBXFileReference; lastKnownFileType = text.plist.xml; path = "Pirate AdventureTests-Info.plist"; sourceTree = "<group>"; };
		1C0BB0E6199E7EA4009D2F3D /* en */ = {isa = PBXFileReference; lastKnownFileType = text.plist.strings; name = en; path = en.lproj/InfoPlist.strings; sourceTree = "<group>"; };
		1C0BB0E8199E7EA4009D2F3D /* Pirate_AdventureTests.m */ = {isa = PBXFileReference; lastKnownFileType = sourcecode.c.objc; path = Pirate_AdventureTests.m; sourceTree = "<group>"; };
		1C0BB0F3199E8478009D2F3D /* BWTile.h */ = {isa = PBXFileReference; fileEncoding = 4; lastKnownFileType = sourcecode.c.h; path = BWTile.h; sourceTree = "<group>"; };
		1C0BB0F4199E8478009D2F3D /* BWTile.m */ = {isa = PBXFileReference; fileEncoding = 4; lastKnownFileType = sourcecode.c.objc; path = BWTile.m; sourceTree = "<group>"; };
		1C0BB0F6199E852F009D2F3D /* BWFactory.h */ = {isa = PBXFileReference; fileEncoding = 4; lastKnownFileType = sourcecode.c.h; path = BWFactory.h; sourceTree = "<group>"; };
		1C0BB0F7199E852F009D2F3D /* BWFactory.m */ = {isa = PBXFileReference; fileEncoding = 4; lastKnownFileType = sourcecode.c.objc; path = BWFactory.m; sourceTree = "<group>"; };
		1C0BB0FB199E92CF009D2F3D /* PirateAttack.jpg */ = {isa = PBXFileReference; lastKnownFileType = image.jpeg; path = PirateAttack.jpg; sourceTree = "<group>"; };
		1C0BB0FC199E92CF009D2F3D /* PirateBlacksmith.jpeg */ = {isa = PBXFileReference; lastKnownFileType = image.jpeg; path = PirateBlacksmith.jpeg; sourceTree = "<group>"; };
		1C0BB0FD199E92CF009D2F3D /* PirateBoss.jpeg */ = {isa = PBXFileReference; lastKnownFileType = image.jpeg; path = PirateBoss.jpeg; sourceTree = "<group>"; };
		1C0BB0FE199E92CF009D2F3D /* PirateFriendlyDock.jpg */ = {isa = PBXFileReference; lastKnownFileType = image.jpeg; path = PirateFriendlyDock.jpg; sourceTree = "<group>"; };
		1C0BB0FF199E92CF009D2F3D /* PirateOctopusAttack.jpg */ = {isa = PBXFileReference; lastKnownFileType = image.jpeg; path = PirateOctopusAttack.jpg; sourceTree = "<group>"; };
		1C0BB100199E92CF009D2F3D /* PirateParrot.jpg */ = {isa = PBXFileReference; lastKnownFileType = image.jpeg; path = PirateParrot.jpg; sourceTree = "<group>"; };
		1C0BB101199E92CF009D2F3D /* PiratePlank.jpg */ = {isa = PBXFileReference; lastKnownFileType = image.jpeg; path = PiratePlank.jpg; sourceTree = "<group>"; };
		1C0BB102199E92CF009D2F3D /* PirateShipBattle.jpeg */ = {isa = PBXFileReference; lastKnownFileType = image.jpeg; path = PirateShipBattle.jpeg; sourceTree = "<group>"; };
		1C0BB103199E92CF009D2F3D /* PirateStart.jpg */ = {isa = PBXFileReference; lastKnownFileType = image.jpeg; path = PirateStart.jpg; sourceTree = "<group>"; };
		1C0BB104199E92CF009D2F3D /* PirateTreasure.jpeg */ = {isa = PBXFileReference; lastKnownFileType = image.jpeg; path = PirateTreasure.jpeg; sourceTree = "<group>"; };
		1C0BB105199E92CF009D2F3D /* PirateTreasurer2.jpeg */ = {isa = PBXFileReference; lastKnownFileType = image.jpeg; path = PirateTreasurer2.jpeg; sourceTree = "<group>"; };
		1C0BB106199E92CF009D2F3D /* PirateWeapons.jpeg */ = {isa = PBXFileReference; lastKnownFileType = image.jpeg; path = PirateWeapons.jpeg; sourceTree = "<group>"; };
		1C0BB113199E9A14009D2F3D /* BWWeapon.h */ = {isa = PBXFileReference; fileEncoding = 4; lastKnownFileType = sourcecode.c.h; path = BWWeapon.h; sourceTree = "<group>"; };
		1C0BB114199E9A14009D2F3D /* BWWeapon.m */ = {isa = PBXFileReference; fileEncoding = 4; lastKnownFileType = sourcecode.c.objc; path = BWWeapon.m; sourceTree = "<group>"; };
		1C0BB116199E9A4D009D2F3D /* BWArmor.h */ = {isa = PBXFileReference; fileEncoding = 4; lastKnownFileType = sourcecode.c.h; path = BWArmor.h; sourceTree = "<group>"; };
		1C0BB117199E9A4D009D2F3D /* BWArmor.m */ = {isa = PBXFileReference; fileEncoding = 4; lastKnownFileType = sourcecode.c.objc; path = BWArmor.m; sourceTree = "<group>"; };
		1C0BB119199E9A98009D2F3D /* BWCharacter.h */ = {isa = PBXFileReference; fileEncoding = 4; lastKnownFileType = sourcecode.c.h; path = BWCharacter.h; sourceTree = "<group>"; };
		1C0BB11A199E9A98009D2F3D /* BWCharacter.m */ = {isa = PBXFileReference; fileEncoding = 4; lastKnownFileType = sourcecode.c.objc; path = BWCharacter.m; sourceTree = "<group>"; };
		1C0BB11D199EA4D1009D2F3D /* BWBoss.h */ = {isa = PBXFileReference; fileEncoding = 4; lastKnownFileType = sourcecode.c.h; path = BWBoss.h; sourceTree = "<group>"; };
		1C0BB11E199EA4D1009D2F3D /* BWBoss.m */ = {isa = PBXFileReference; fileEncoding = 4; lastKnownFileType = sourcecode.c.objc; path = BWBoss.m; sourceTree = "<group>"; };
/* End PBXFileReference section */

/* Begin PBXFrameworksBuildPhase section */
		1C0BB0B7199E7EA4009D2F3D /* Frameworks */ = {
			isa = PBXFrameworksBuildPhase;
			buildActionMask = 2147483647;
			files = (
				1C0BB0C0199E7EA4009D2F3D /* CoreGraphics.framework in Frameworks */,
				1C0BB0C2199E7EA4009D2F3D /* UIKit.framework in Frameworks */,
				1C0BB0BE199E7EA4009D2F3D /* Foundation.framework in Frameworks */,
			);
			runOnlyForDeploymentPostprocessing = 0;
		};
		1C0BB0D8199E7EA4009D2F3D /* Frameworks */ = {
			isa = PBXFrameworksBuildPhase;
			buildActionMask = 2147483647;
			files = (
				1C0BB0DD199E7EA4009D2F3D /* XCTest.framework in Frameworks */,
				1C0BB0DF199E7EA4009D2F3D /* UIKit.framework in Frameworks */,
				1C0BB0DE199E7EA4009D2F3D /* Foundation.framework in Frameworks */,
			);
			runOnlyForDeploymentPostprocessing = 0;
		};
/* End PBXFrameworksBuildPhase section */

/* Begin PBXGroup section */
		1C0BB0B1199E7EA4009D2F3D = {
			isa = PBXGroup;
			children = (
				1C0BB0C3199E7EA4009D2F3D /* Pirate Adventure */,
				1C0BB0E2199E7EA4009D2F3D /* Pirate AdventureTests */,
				1C0BB0BC199E7EA4009D2F3D /* Frameworks */,
				1C0BB0BB199E7EA4009D2F3D /* Products */,
			);
			sourceTree = "<group>";
		};
		1C0BB0BB199E7EA4009D2F3D /* Products */ = {
			isa = PBXGroup;
			children = (
				1C0BB0BA199E7EA4009D2F3D /* Pirate Adventure.app */,
				1C0BB0DB199E7EA4009D2F3D /* Pirate AdventureTests.xctest */,
			);
			name = Products;
			sourceTree = "<group>";
		};
		1C0BB0BC199E7EA4009D2F3D /* Frameworks */ = {
			isa = PBXGroup;
			children = (
				1C0BB0BD199E7EA4009D2F3D /* Foundation.framework */,
				1C0BB0BF199E7EA4009D2F3D /* CoreGraphics.framework */,
				1C0BB0C1199E7EA4009D2F3D /* UIKit.framework */,
				1C0BB0DC199E7EA4009D2F3D /* XCTest.framework */,
			);
			name = Frameworks;
			sourceTree = "<group>";
		};
		1C0BB0C3199E7EA4009D2F3D /* Pirate Adventure */ = {
			isa = PBXGroup;
			children = (
				1C0BB11C199E9B66009D2F3D /* Controller */,
				1C0BB0F2199E844E009D2F3D /* Model */,
				1C0BB0CC199E7EA4009D2F3D /* BWAppDelegate.h */,
				1C0BB0CD199E7EA4009D2F3D /* BWAppDelegate.m */,
				1C0BB0CF199E7EA4009D2F3D /* Main.storyboard */,
				1C0BB0D5199E7EA4009D2F3D /* Images.xcassets */,
				1C0BB0C4199E7EA4009D2F3D /* Supporting Files */,
			);
			path = "Pirate Adventure";
			sourceTree = "<group>";
		};
		1C0BB0C4199E7EA4009D2F3D /* Supporting Files */ = {
			isa = PBXGroup;
			children = (
				1C0BB0FA199E92AC009D2F3D /* Images */,
				1C0BB0C5199E7EA4009D2F3D /* Pirate Adventure-Info.plist */,
				1C0BB0C6199E7EA4009D2F3D /* InfoPlist.strings */,
				1C0BB0C9199E7EA4009D2F3D /* main.m */,
				1C0BB0CB199E7EA4009D2F3D /* Pirate Adventure-Prefix.pch */,
			);
			name = "Supporting Files";
			sourceTree = "<group>";
		};
		1C0BB0E2199E7EA4009D2F3D /* Pirate AdventureTests */ = {
			isa = PBXGroup;
			children = (
				1C0BB0E8199E7EA4009D2F3D /* Pirate_AdventureTests.m */,
				1C0BB0E3199E7EA4009D2F3D /* Supporting Files */,
			);
			path = "Pirate AdventureTests";
			sourceTree = "<group>";
		};
		1C0BB0E3199E7EA4009D2F3D /* Supporting Files */ = {
			isa = PBXGroup;
			children = (
				1C0BB0E4199E7EA4009D2F3D /* Pirate AdventureTests-Info.plist */,
				1C0BB0E5199E7EA4009D2F3D /* InfoPlist.strings */,
			);
			name = "Supporting Files";
			sourceTree = "<group>";
		};
		1C0BB0F2199E844E009D2F3D /* Model */ = {
			isa = PBXGroup;
			children = (
				1C0BB0F9199E8544009D2F3D /* Factory */,
				1C0BB116199E9A4D009D2F3D /* BWArmor.h */,
				1C0BB117199E9A4D009D2F3D /* BWArmor.m */,
				1C0BB119199E9A98009D2F3D /* BWCharacter.h */,
				1C0BB11A199E9A98009D2F3D /* BWCharacter.m */,
				1C0BB0F3199E8478009D2F3D /* BWTile.h */,
				1C0BB0F4199E8478009D2F3D /* BWTile.m */,
				1C0BB113199E9A14009D2F3D /* BWWeapon.h */,
				1C0BB114199E9A14009D2F3D /* BWWeapon.m */,
			);
			name = Model;
			sourceTree = "<group>";
		};
		1C0BB0F9199E8544009D2F3D /* Factory */ = {
			isa = PBXGroup;
			children = (
				1C0BB0F6199E852F009D2F3D /* BWFactory.h */,
				1C0BB0F7199E852F009D2F3D /* BWFactory.m */,
				1C0BB11D199EA4D1009D2F3D /* BWBoss.h */,
				1C0BB11E199EA4D1009D2F3D /* BWBoss.m */,
			);
			name = Factory;
			sourceTree = "<group>";
		};
		1C0BB0FA199E92AC009D2F3D /* Images */ = {
			isa = PBXGroup;
			children = (
				1C0BB0FB199E92CF009D2F3D /* PirateAttack.jpg */,
				1C0BB0FC199E92CF009D2F3D /* PirateBlacksmith.jpeg */,
				1C0BB0FD199E92CF009D2F3D /* PirateBoss.jpeg */,
				1C0BB0FE199E92CF009D2F3D /* PirateFriendlyDock.jpg */,
				1C0BB0FF199E92CF009D2F3D /* PirateOctopusAttack.jpg */,
				1C0BB100199E92CF009D2F3D /* PirateParrot.jpg */,
				1C0BB101199E92CF009D2F3D /* PiratePlank.jpg */,
				1C0BB102199E92CF009D2F3D /* PirateShipBattle.jpeg */,
				1C0BB103199E92CF009D2F3D /* PirateStart.jpg */,
				1C0BB104199E92CF009D2F3D /* PirateTreasure.jpeg */,
				1C0BB105199E92CF009D2F3D /* PirateTreasurer2.jpeg */,
				1C0BB106199E92CF009D2F3D /* PirateWeapons.jpeg */,
			);
			name = Images;
			sourceTree = "<group>";
		};
		1C0BB11C199E9B66009D2F3D /* Controller */ = {
			isa = PBXGroup;
			children = (
				1C0BB0D2199E7EA4009D2F3D /* BWViewController.h */,
				1C0BB0D3199E7EA4009D2F3D /* BWViewController.m */,
			);
			name = Controller;
			sourceTree = "<group>";
		};
/* End PBXGroup section */

/* Begin PBXNativeTarget section */
		1C0BB0B9199E7EA4009D2F3D /* Pirate Adventure */ = {
			isa = PBXNativeTarget;
			buildConfigurationList = 1C0BB0EC199E7EA4009D2F3D /* Build configuration list for PBXNativeTarget "Pirate Adventure" */;
			buildPhases = (
				1C0BB0B6199E7EA4009D2F3D /* Sources */,
				1C0BB0B7199E7EA4009D2F3D /* Frameworks */,
				1C0BB0B8199E7EA4009D2F3D /* Resources */,
			);
			buildRules = (
			);
			dependencies = (
			);
			name = "Pirate Adventure";
			productName = "Pirate Adventure";
			productReference = 1C0BB0BA199E7EA4009D2F3D /* Pirate Adventure.app */;
			productType = "com.apple.product-type.application";
		};
		1C0BB0DA199E7EA4009D2F3D /* Pirate AdventureTests */ = {
			isa = PBXNativeTarget;
			buildConfigurationList = 1C0BB0EF199E7EA4009D2F3D /* Build configuration list for PBXNativeTarget "Pirate AdventureTests" */;
			buildPhases = (
				1C0BB0D7199E7EA4009D2F3D /* Sources */,
				1C0BB0D8199E7EA4009D2F3D /* Frameworks */,
				1C0BB0D9199E7EA4009D2F3D /* Resources */,
			);
			buildRules = (
			);
			dependencies = (
				1C0BB0E1199E7EA4009D2F3D /* PBXTargetDependency */,
			);
			name = "Pirate AdventureTests";
			productName = "Pirate AdventureTests";
			productReference = 1C0BB0DB199E7EA4009D2F3D /* Pirate AdventureTests.xctest */;
			productType = "com.apple.product-type.bundle.unit-test";
		};
/* End PBXNativeTarget section */

/* Begin PBXProject section */
		1C0BB0B2199E7EA4009D2F3D /* Project object */ = {
			isa = PBXProject;
			attributes = {
				CLASSPREFIX = BW;
				LastUpgradeCheck = 0510;
				ORGANIZATIONNAME = "Bradley White";
				TargetAttributes = {
					1C0BB0DA199E7EA4009D2F3D = {
						TestTargetID = 1C0BB0B9199E7EA4009D2F3D;
					};
				};
			};
			buildConfigurationList = 1C0BB0B5199E7EA4009D2F3D /* Build configuration list for PBXProject "Pirate Adventure" */;
			compatibilityVersion = "Xcode 3.2";
			developmentRegion = English;
			hasScannedForEncodings = 0;
			knownRegions = (
				en,
				Base,
			);
			mainGroup = 1C0BB0B1199E7EA4009D2F3D;
			productRefGroup = 1C0BB0BB199E7EA4009D2F3D /* Products */;
			projectDirPath = "";
			projectRoot = "";
			targets = (
				1C0BB0B9199E7EA4009D2F3D /* Pirate Adventure */,
				1C0BB0DA199E7EA4009D2F3D /* Pirate AdventureTests */,
			);
		};
/* End PBXProject section */

/* Begin PBXResourcesBuildPhase section */
		1C0BB0B8199E7EA4009D2F3D /* Resources */ = {
			isa = PBXResourcesBuildPhase;
			buildActionMask = 2147483647;
			files = (
				1C0BB10B199E92CF009D2F3D /* PirateOctopusAttack.jpg in Resources */,
				1C0BB112199E92CF009D2F3D /* PirateWeapons.jpeg in Resources */,
				1C0BB10D199E92CF009D2F3D /* PiratePlank.jpg in Resources */,
				1C0BB110199E92CF009D2F3D /* PirateTreasure.jpeg in Resources */,
				1C0BB10A199E92CF009D2F3D /* PirateFriendlyDock.jpg in Resources */,
				1C0BB107199E92CF009D2F3D /* PirateAttack.jpg in Resources */,
				1C0BB0D6199E7EA4009D2F3D /* Images.xcassets in Resources */,
				1C0BB0C8199E7EA4009D2F3D /* InfoPlist.strings in Resources */,
				1C0BB0D1199E7EA4009D2F3D /* Main.storyboard in Resources */,
				1C0BB10E199E92CF009D2F3D /* PirateShipBattle.jpeg in Resources */,
				1C0BB111199E92CF009D2F3D /* PirateTreasurer2.jpeg in Resources */,
				1C0BB108199E92CF009D2F3D /* PirateBlacksmith.jpeg in Resources */,
				1C0BB10F199E92CF009D2F3D /* PirateStart.jpg in Resources */,
				1C0BB109199E92CF009D2F3D /* PirateBoss.jpeg in Resources */,
				1C0BB10C199E92CF009D2F3D /* PirateParrot.jpg in Resources */,
			);
			runOnlyForDeploymentPostprocessing = 0;
		};
		1C0BB0D9199E7EA4009D2F3D /* Resources */ = {
			isa = PBXResourcesBuildPhase;
			buildActionMask = 2147483647;
			files = (
				1C0BB0E7199E7EA4009D2F3D /* InfoPlist.strings in Resources */,
			);
			runOnlyForDeploymentPostprocessing = 0;
		};
/* End PBXResourcesBuildPhase section */

/* Begin PBXSourcesBuildPhase section */
		1C0BB0B6199E7EA4009D2F3D /* Sources */ = {
			isa = PBXSourcesBuildPhase;
			buildActionMask = 2147483647;
			files = (
				1C0BB0D4199E7EA4009D2F3D /* BWViewController.m in Sources */,
				1C0BB0CA199E7EA4009D2F3D /* main.m in Sources */,
				1C0BB118199E9A4D009D2F3D /* BWArmor.m in Sources */,
				1C0BB0F5199E8478009D2F3D /* BWTile.m in Sources */,
				1C0BB0CE199E7EA4009D2F3D /* BWAppDelegate.m in Sources */,
				1C0BB115199E9A14009D2F3D /* BWWeapon.m in Sources */,
				1C0BB11B199E9A98009D2F3D /* BWCharacter.m in Sources */,
				1C0BB0F8199E852F009D2F3D /* BWFactory.m in Sources */,
				1C0BB11F199EA4D1009D2F3D /* BWBoss.m in Sources */,
			);
			runOnlyForDeploymentPostprocessing = 0;
		};
		1C0BB0D7199E7EA4009D2F3D /* Sources */ = {
			isa = PBXSourcesBuildPhase;
			buildActionMask = 2147483647;
			files = (
				1C0BB0E9199E7EA4009D2F3D /* Pirate_AdventureTests.m in Sources */,
			);
			runOnlyForDeploymentPostprocessing = 0;
		};
/* End PBXSourcesBuildPhase section */

/* Begin PBXTargetDependency section */
		1C0BB0E1199E7EA4009D2F3D /* PBXTargetDependency */ = {
			isa = PBXTargetDependency;
			target = 1C0BB0B9199E7EA4009D2F3D /* Pirate Adventure */;
			targetProxy = 1C0BB0E0199E7EA4009D2F3D /* PBXContainerItemProxy */;
		};
/* End PBXTargetDependency section */

/* Begin PBXVariantGroup section */
		1C0BB0C6199E7EA4009D2F3D /* InfoPlist.strings */ = {
			isa = PBXVariantGroup;
			children = (
				1C0BB0C7199E7EA4009D2F3D /* en */,
			);
			name = InfoPlist.strings;
			sourceTree = "<group>";
		};
		1C0BB0CF199E7EA4009D2F3D /* Main.storyboard */ = {
			isa = PBXVariantGroup;
			children = (
				1C0BB0D0199E7EA4009D2F3D /* Base */,
			);
			name = Main.storyboard;
			sourceTree = "<group>";
		};
		1C0BB0E5199E7EA4009D2F3D /* InfoPlist.strings */ = {
			isa = PBXVariantGroup;
			children = (
				1C0BB0E6199E7EA4009D2F3D /* en */,
			);
			name = InfoPlist.strings;
			sourceTree = "<group>";
		};
/* End PBXVariantGroup section */

/* Begin XCBuildConfiguration section */
		1C0BB0EA199E7EA4009D2F3D /* Debug */ = {
			isa = XCBuildConfiguration;
			buildSettings = {
				ALWAYS_SEARCH_USER_PATHS = NO;
				CLANG_CXX_LANGUAGE_STANDARD = "gnu++0x";
				CLANG_CXX_LIBRARY = "libc++";
				CLANG_ENABLE_MODULES = YES;
				CLANG_ENABLE_OBJC_ARC = YES;
				CLANG_WARN_BOOL_CONVERSION = YES;
				CLANG_WARN_CONSTANT_CONVERSION = YES;
				CLANG_WARN_DIRECT_OBJC_ISA_USAGE = YES_ERROR;
				CLANG_WARN_EMPTY_BODY = YES;
				CLANG_WARN_ENUM_CONVERSION = YES;
				CLANG_WARN_INT_CONVERSION = YES;
				CLANG_WARN_OBJC_ROOT_CLASS = YES_ERROR;
				CLANG_WARN__DUPLICATE_METHOD_MATCH = YES;
				"CODE_SIGN_IDENTITY[sdk=iphoneos*]" = "iPhone Developer";
				COPY_PHASE_STRIP = NO;
				GCC_C_LANGUAGE_STANDARD = gnu99;
				GCC_DYNAMIC_NO_PIC = NO;
				GCC_OPTIMIZATION_LEVEL = 0;
				GCC_PREPROCESSOR_DEFINITIONS = (
					"DEBUG=1",
					"$(inherited)",
				);
				GCC_SYMBOLS_PRIVATE_EXTERN = NO;
				GCC_WARN_64_TO_32_BIT_CONVERSION = YES;
				GCC_WARN_ABOUT_RETURN_TYPE = YES_ERROR;
				GCC_WARN_UNDECLARED_SELECTOR = YES;
				GCC_WARN_UNINITIALIZED_AUTOS = YES_AGGRESSIVE;
				GCC_WARN_UNUSED_FUNCTION = YES;
				GCC_WARN_UNUSED_VARIABLE = YES;
				IPHONEOS_DEPLOYMENT_TARGET = 7.1;
				ONLY_ACTIVE_ARCH = YES;
				SDKROOT = iphoneos;
			};
			name = Debug;
		};
		1C0BB0EB199E7EA4009D2F3D /* Release */ = {
			isa = XCBuildConfiguration;
			buildSettings = {
				ALWAYS_SEARCH_USER_PATHS = NO;
				CLANG_CXX_LANGUAGE_STANDARD = "gnu++0x";
				CLANG_CXX_LIBRARY = "libc++";
				CLANG_ENABLE_MODULES = YES;
				CLANG_ENABLE_OBJC_ARC = YES;
				CLANG_WARN_BOOL_CONVERSION = YES;
				CLANG_WARN_CONSTANT_CONVERSION = YES;
				CLANG_WARN_DIRECT_OBJC_ISA_USAGE = YES_ERROR;
				CLANG_WARN_EMPTY_BODY = YES;
				CLANG_WARN_ENUM_CONVERSION = YES;
				CLANG_WARN_INT_CONVERSION = YES;
				CLANG_WARN_OBJC_ROOT_CLASS = YES_ERROR;
				CLANG_WARN__DUPLICATE_METHOD_MATCH = YES;
				"CODE_SIGN_IDENTITY[sdk=iphoneos*]" = "iPhone Developer";
				COPY_PHASE_STRIP = YES;
				ENABLE_NS_ASSERTIONS = NO;
				GCC_C_LANGUAGE_STANDARD = gnu99;
				GCC_WARN_64_TO_32_BIT_CONVERSION = YES;
				GCC_WARN_ABOUT_RETURN_TYPE = YES_ERROR;
				GCC_WARN_UNDECLARED_SELECTOR = YES;
				GCC_WARN_UNINITIALIZED_AUTOS = YES_AGGRESSIVE;
				GCC_WARN_UNUSED_FUNCTION = YES;
				GCC_WARN_UNUSED_VARIABLE = YES;
				IPHONEOS_DEPLOYMENT_TARGET = 7.1;
				SDKROOT = iphoneos;
				VALIDATE_PRODUCT = YES;
			};
			name = Release;
		};
		1C0BB0ED199E7EA4009D2F3D /* Debug */ = {
			isa = XCBuildConfiguration;
			buildSettings = {
				ASSETCATALOG_COMPILER_APPICON_NAME = AppIcon;
				ASSETCATALOG_COMPILER_LAUNCHIMAGE_NAME = LaunchImage;
				GCC_PRECOMPILE_PREFIX_HEADER = YES;
				GCC_PREFIX_HEADER = "Pirate Adventure/Pirate Adventure-Prefix.pch";
				INFOPLIST_FILE = "Pirate Adventure/Pirate Adventure-Info.plist";
				PRODUCT_NAME = "$(TARGET_NAME)";
				WRAPPER_EXTENSION = app;
			};
			name = Debug;
		};
		1C0BB0EE199E7EA4009D2F3D /* Release */ = {
			isa = XCBuildConfiguration;
			buildSettings = {
				ASSETCATALOG_COMPILER_APPICON_NAME = AppIcon;
				ASSETCATALOG_COMPILER_LAUNCHIMAGE_NAME = LaunchImage;
				GCC_PRECOMPILE_PREFIX_HEADER = YES;
				GCC_PREFIX_HEADER = "Pirate Adventure/Pirate Adventure-Prefix.pch";
				INFOPLIST_FILE = "Pirate Adventure/Pirate Adventure-Info.plist";
				PRODUCT_NAME = "$(TARGET_NAME)";
				WRAPPER_EXTENSION = app;
			};
			name = Release;
		};
		1C0BB0F0199E7EA4009D2F3D /* Debug */ = {
			isa = XCBuildConfiguration;
			buildSettings = {
				BUNDLE_LOADER = "$(BUILT_PRODUCTS_DIR)/Pirate Adventure.app/Pirate Adventure";
				FRAMEWORK_SEARCH_PATHS = (
					"$(SDKROOT)/Developer/Library/Frameworks",
					"$(inherited)",
					"$(DEVELOPER_FRAMEWORKS_DIR)",
				);
				GCC_PRECOMPILE_PREFIX_HEADER = YES;
				GCC_PREFIX_HEADER = "Pirate Adventure/Pirate Adventure-Prefix.pch";
				GCC_PREPROCESSOR_DEFINITIONS = (
					"DEBUG=1",
					"$(inherited)",
				);
				INFOPLIST_FILE = "Pirate AdventureTests/Pirate AdventureTests-Info.plist";
				PRODUCT_NAME = "$(TARGET_NAME)";
				TEST_HOST = "$(BUNDLE_LOADER)";
				WRAPPER_EXTENSION = xctest;
			};
			name = Debug;
		};
		1C0BB0F1199E7EA4009D2F3D /* Release */ = {
			isa = XCBuildConfiguration;
			buildSettings = {
				BUNDLE_LOADER = "$(BUILT_PRODUCTS_DIR)/Pirate Adventure.app/Pirate Adventure";
				FRAMEWORK_SEARCH_PATHS = (
					"$(SDKROOT)/Developer/Library/Frameworks",
					"$(inherited)",
					"$(DEVELOPER_FRAMEWORKS_DIR)",
				);
				GCC_PRECOMPILE_PREFIX_HEADER = YES;
				GCC_PREFIX_HEADER = "Pirate Adventure/Pirate Adventure-Prefix.pch";
				INFOPLIST_FILE = "Pirate AdventureTests/Pirate AdventureTests-Info.plist";
				PRODUCT_NAME = "$(TARGET_NAME)";
				TEST_HOST = "$(BUNDLE_LOADER)";
				WRAPPER_EXTENSION = xctest;
			};
			name = Release;
		};
/* End XCBuildConfiguration section */

/* Begin XCConfigurationList section */
		1C0BB0B5199E7EA4009D2F3D /* Build configuration list for PBXProject "Pirate Adventure" */ = {
			isa = XCConfigurationList;
			buildConfigurations = (
				1C0BB0EA199E7EA4009D2F3D /* Debug */,
				1C0BB0EB199E7EA4009D2F3D /* Release */,
			);
			defaultConfigurationIsVisible = 0;
			defaultConfigurationName = Release;
		};
		1C0BB0EC199E7EA4009D2F3D /* Build configuration list for PBXNativeTarget "Pirate Adventure" */ = {
			isa = XCConfigurationList;
			buildConfigurations = (
				1C0BB0ED199E7EA4009D2F3D /* Debug */,
				1C0BB0EE199E7EA4009D2F3D /* Release */,
			);
			defaultConfigurationIsVisible = 0;
		};
		1C0BB0EF199E7EA4009D2F3D /* Build configuration list for PBXNativeTarget "Pirate AdventureTests" */ = {
			isa = XCConfigurationList;
			buildConfigurations = (
				1C0BB0F0199E7EA4009D2F3D /* Debug */,
				1C0BB0F1199E7EA4009D2F3D /* Release */,
			);
			defaultConfigurationIsVisible = 0;
		};
/* End XCConfigurationList section */
	};
	rootObject = 1C0BB0B2199E7EA4009D2F3D /* Project object */;
}
